
Microsoft Visual Studio Solution File, Format Version 12.00
# Visual Studio 2012
Project("{FAE04EC0-301F-11D3-BF4B-00C04F79EFBC}") = "musicMash", "musicMash\musicMash.csproj", "{B2F8F629-573F-4001-B2FD-05190C3DBE80}"
EndProject
Project("{FAE04EC0-301F-11D3-BF4B-00C04F79EFBC}") = "musicMash.test", "musicMash.test\musicMash.test.csproj", "{1CADD760-CCE0-4431-BB45-BD48A72EB5A6}"
EndProject
Project("{FAE04EC0-301F-11D3-BF4B-00C04F79EFBC}") = "musicMashup.integrationTest", "musicMashup.integrationTest\musicMashup.integrationTest.csproj", "{B9B9495D-03C0-4CC7-9518-CEDA57AFB37E}"
EndProject
Global
	GlobalSection(SolutionConfigurationPlatforms) = preSolution
		Debug|Any CPU = Debug|Any CPU
		Release|Any CPU = Release|Any CPU
	EndGlobalSection
	GlobalSection(ProjectConfigurationPlatforms) = postSolution
		{B2F8F629-573F-4001-B2FD-05190C3DBE80}.Debug|Any CPU.ActiveCfg = Debug|Any CPU
		{B2F8F629-573F-4001-B2FD-05190C3DBE80}.Debug|Any CPU.Build.0 = Debug|Any CPU
		{B2F8F629-573F-4001-B2FD-05190C3DBE80}.Release|Any CPU.ActiveCfg = Release|Any CPU
		{B2F8F629-573F-4001-B2FD-05190C3DBE80}.Release|Any CPU.Build.0 = Release|Any CPU
		{1CADD760-CCE0-4431-BB45-BD48A72EB5A6}.Debug|Any CPU.ActiveCfg = Debug|Any CPU
		{1CADD760-CCE0-4431-BB45-BD48A72EB5A6}.Debug|Any CPU.Build.0 = Debug|Any CPU
		{1CADD760-CCE0-4431-BB45-BD48A72EB5A6}.Release|Any CPU.ActiveCfg = Release|Any CPU
		{1CADD760-CCE0-4431-BB45-BD48A72EB5A6}.Release|Any CPU.Build.0 = Release|Any CPU
		{B9B9495D-03C0-4CC7-9518-CEDA57AFB37E}.Debug|Any CPU.ActiveCfg = Debug|Any CPU
		{B9B9495D-03C0-4CC7-9518-CEDA57AFB37E}.Debug|Any CPU.Build.0 = Debug|Any CPU
		{B9B9495D-03C0-4CC7-9518-CEDA57AFB37E}.Release|Any CPU.ActiveCfg = Release|Any CPU
		{B9B9495D-03C0-4CC7-9518-CEDA57AFB37E}.Release|Any CPU.Build.0 = Release|Any CPU
	EndGlobalSection
EndGlobal
